// !$*UTF8*$!
{
	archiveVersion = 1;
	classes = {
	};
	objectVersion = 56;
	objects = {

/* Begin PBXBuildFile section */
		1D4AADC82BF763A200A49799 /* TCALearningApp.swift in Sources */ = {isa = PBXBuildFile; fileRef = 1D4AADC72BF763A200A49799 /* TCALearningApp.swift */; };
		1D4AADCA2BF763A200A49799 /* BooksListView.swift in Sources */ = {isa = PBXBuildFile; fileRef = 1D4AADC92BF763A200A49799 /* BooksListView.swift */; };
		1D4AADCC2BF763A300A49799 /* Assets.xcassets in Resources */ = {isa = PBXBuildFile; fileRef = 1D4AADCB2BF763A300A49799 /* Assets.xcassets */; };
		1D4AADCF2BF763A300A49799 /* Preview Assets.xcassets in Resources */ = {isa = PBXBuildFile; fileRef = 1D4AADCE2BF763A300A49799 /* Preview Assets.xcassets */; };
		1D4AADD92BF763A300A49799 /* TCALearningTests.swift in Sources */ = {isa = PBXBuildFile; fileRef = 1D4AADD82BF763A300A49799 /* TCALearningTests.swift */; };
		1D4AADE32BF763A300A49799 /* TCALearningUITests.swift in Sources */ = {isa = PBXBuildFile; fileRef = 1D4AADE22BF763A300A49799 /* TCALearningUITests.swift */; };
		1D4AADE52BF763A300A49799 /* TCALearningUITestsLaunchTests.swift in Sources */ = {isa = PBXBuildFile; fileRef = 1D4AADE42BF763A300A49799 /* TCALearningUITestsLaunchTests.swift */; };
		1D4AADF32BF76E4500A49799 /* ComposableArchitecture in Frameworks */ = {isa = PBXBuildFile; productRef = 1D4AADF22BF76E4500A49799 /* ComposableArchitecture */; };
		1D4AADF62BF7727600A49799 /* BookListReducer.swift in Sources */ = {isa = PBXBuildFile; fileRef = 1D4AADF52BF7727600A49799 /* BookListReducer.swift */; };
		1D4AADF82BF776C900A49799 /* Book.swift in Sources */ = {isa = PBXBuildFile; fileRef = 1D4AADF72BF776C900A49799 /* Book.swift */; };
		1D4AADFA2BF77ACA00A49799 /* Constants.swift in Sources */ = {isa = PBXBuildFile; fileRef = 1D4AADF92BF77ACA00A49799 /* Constants.swift */; };
/* End PBXBuildFile section */

/* Begin PBXContainerItemProxy section */
		1D4AADD52BF763A300A49799 /* PBXContainerItemProxy */ = {
			isa = PBXContainerItemProxy;
			containerPortal = 1D4AADBC2BF763A200A49799 /* Project object */;
			proxyType = 1;
			remoteGlobalIDString = 1D4AADC32BF763A200A49799;
			remoteInfo = TCALearning;
		};
		1D4AADDF2BF763A300A49799 /* PBXContainerItemProxy */ = {
			isa = PBXContainerItemProxy;
			containerPortal = 1D4AADBC2BF763A200A49799 /* Project object */;
			proxyType = 1;
			remoteGlobalIDString = 1D4AADC32BF763A200A49799;
			remoteInfo = TCALearning;
		};
/* End PBXContainerItemProxy section */

/* Begin PBXFileReference section */
		1D4AADC42BF763A200A49799 /* TCALearning.app */ = {isa = PBXFileReference; explicitFileType = wrapper.application; includeInIndex = 0; path = TCALearning.app; sourceTree = BUILT_PRODUCTS_DIR; };
		1D4AADC72BF763A200A49799 /* TCALearningApp.swift */ = {isa = PBXFileReference; lastKnownFileType = sourcecode.swift; path = TCALearningApp.swift; sourceTree = "<group>"; };
		1D4AADC92BF763A200A49799 /* BooksListView.swift */ = {isa = PBXFileReference; lastKnownFileType = sourcecode.swift; path = BooksListView.swift; sourceTree = "<group>"; };
		1D4AADCB2BF763A300A49799 /* Assets.xcassets */ = {isa = PBXFileReference; lastKnownFileType = folder.assetcatalog; path = Assets.xcassets; sourceTree = "<group>"; };
		1D4AADCE2BF763A300A49799 /* Preview Assets.xcassets */ = {isa = PBXFileReference; lastKnownFileType = folder.assetcatalog; path = "Preview Assets.xcassets"; sourceTree = "<group>"; };
		1D4AADD42BF763A300A49799 /* TCALearningTests.xctest */ = {isa = PBXFileReference; explicitFileType = wrapper.cfbundle; includeInIndex = 0; path = TCALearningTests.xctest; sourceTree = BUILT_PRODUCTS_DIR; };
		1D4AADD82BF763A300A49799 /* TCALearningTests.swift */ = {isa = PBXFileReference; lastKnownFileType = sourcecode.swift; path = TCALearningTests.swift; sourceTree = "<group>"; };
		1D4AADDE2BF763A300A49799 /* TCALearningUITests.xctest */ = {isa = PBXFileReference; explicitFileType = wrapper.cfbundle; includeInIndex = 0; path = TCALearningUITests.xctest; sourceTree = BUILT_PRODUCTS_DIR; };
		1D4AADE22BF763A300A49799 /* TCALearningUITests.swift */ = {isa = PBXFileReference; lastKnownFileType = sourcecode.swift; path = TCALearningUITests.swift; sourceTree = "<group>"; };
		1D4AADE42BF763A300A49799 /* TCALearningUITestsLaunchTests.swift */ = {isa = PBXFileReference; lastKnownFileType = sourcecode.swift; path = TCALearningUITestsLaunchTests.swift; sourceTree = "<group>"; };
		1D4AADF52BF7727600A49799 /* BookListReducer.swift */ = {isa = PBXFileReference; lastKnownFileType = sourcecode.swift; path = BookListReducer.swift; sourceTree = "<group>"; };
		1D4AADF72BF776C900A49799 /* Book.swift */ = {isa = PBXFileReference; lastKnownFileType = sourcecode.swift; path = Book.swift; sourceTree = "<group>"; };
		1D4AADF92BF77ACA00A49799 /* Constants.swift */ = {isa = PBXFileReference; lastKnownFileType = sourcecode.swift; path = Constants.swift; sourceTree = "<group>"; };
/* End PBXFileReference section */

/* Begin PBXFrameworksBuildPhase section */
		1D4AADC12BF763A200A49799 /* Frameworks */ = {
			isa = PBXFrameworksBuildPhase;
			buildActionMask = 2147483647;
			files = (
				1D4AADF32BF76E4500A49799 /* ComposableArchitecture in Frameworks */,
			);
			runOnlyForDeploymentPostprocessing = 0;
		};
		1D4AADD12BF763A300A49799 /* Frameworks */ = {
			isa = PBXFrameworksBuildPhase;
			buildActionMask = 2147483647;
			files = (
			);
			runOnlyForDeploymentPostprocessing = 0;
		};
		1D4AADDB2BF763A300A49799 /* Frameworks */ = {
			isa = PBXFrameworksBuildPhase;
			buildActionMask = 2147483647;
			files = (
			);
			runOnlyForDeploymentPostprocessing = 0;
		};
/* End PBXFrameworksBuildPhase section */

/* Begin PBXGroup section */
		1D4AADBB2BF763A200A49799 = {
			isa = PBXGroup;
			children = (
				1D4AADC62BF763A200A49799 /* TCALearning */,
				1D4AADD72BF763A300A49799 /* TCALearningTests */,
				1D4AADE12BF763A300A49799 /* TCALearningUITests */,
				1D4AADC52BF763A200A49799 /* Products */,
				1D4AADF42BF7712D00A49799 /* Frameworks */,
			);
			sourceTree = "<group>";
		};
		1D4AADC52BF763A200A49799 /* Products */ = {
			isa = PBXGroup;
			children = (
				1D4AADC42BF763A200A49799 /* TCALearning.app */,
				1D4AADD42BF763A300A49799 /* TCALearningTests.xctest */,
				1D4AADDE2BF763A300A49799 /* TCALearningUITests.xctest */,
			);
			name = Products;
			sourceTree = "<group>";
		};
		1D4AADC62BF763A200A49799 /* TCALearning */ = {
			isa = PBXGroup;
			children = (
				1D4AADC72BF763A200A49799 /* TCALearningApp.swift */,
				1D4AADC92BF763A200A49799 /* BooksListView.swift */,
				1D4AADF52BF7727600A49799 /* BookListReducer.swift */,
				1D4AADF72BF776C900A49799 /* Book.swift */,
				1D4AADF92BF77ACA00A49799 /* Constants.swift */,
				1D4AADCB2BF763A300A49799 /* Assets.xcassets */,
				1D4AADCD2BF763A300A49799 /* Preview Content */,
			);
			path = TCALearning;
			sourceTree = "<group>";
		};
		1D4AADCD2BF763A300A49799 /* Preview Content */ = {
			isa = PBXGroup;
			children = (
				1D4AADCE2BF763A300A49799 /* Preview Assets.xcassets */,
			);
			path = "Preview Content";
			sourceTree = "<group>";
		};
		1D4AADD72BF763A300A49799 /* TCALearningTests */ = {
			isa = PBXGroup;
			children = (
				1D4AADD82BF763A300A49799 /* TCALearningTests.swift */,
			);
			path = TCALearningTests;
			sourceTree = "<group>";
		};
		1D4AADE12BF763A300A49799 /* TCALearningUITests */ = {
			isa = PBXGroup;
			children = (
				1D4AADE22BF763A300A49799 /* TCALearningUITests.swift */,
				1D4AADE42BF763A300A49799 /* TCALearningUITestsLaunchTests.swift */,
			);
			path = TCALearningUITests;
			sourceTree = "<group>";
		};
		1D4AADF42BF7712D00A49799 /* Frameworks */ = {
			isa = PBXGroup;
			children = (
			);
			name = Frameworks;
			sourceTree = "<group>";
		};
/* End PBXGroup section */

/* Begin PBXNativeTarget section */
		1D4AADC32BF763A200A49799 /* TCALearning */ = {
			isa = PBXNativeTarget;
			buildConfigurationList = 1D4AADE82BF763A300A49799 /* Build configuration list for PBXNativeTarget "TCALearning" */;
			buildPhases = (
				1D4AADC02BF763A200A49799 /* Sources */,
				1D4AADC12BF763A200A49799 /* Frameworks */,
				1D4AADC22BF763A200A49799 /* Resources */,
			);
			buildRules = (
			);
			dependencies = (
			);
			name = TCALearning;
			packageProductDependencies = (
				1D4AADF22BF76E4500A49799 /* ComposableArchitecture */,
			);
			productName = TCALearning;
			productReference = 1D4AADC42BF763A200A49799 /* TCALearning.app */;
			productType = "com.apple.product-type.application";
		};
		1D4AADD32BF763A300A49799 /* TCALearningTests */ = {
			isa = PBXNativeTarget;
			buildConfigurationList = 1D4AADEB2BF763A300A49799 /* Build configuration list for PBXNativeTarget "TCALearningTests" */;
			buildPhases = (
				1D4AADD02BF763A300A49799 /* Sources */,
				1D4AADD12BF763A300A49799 /* Frameworks */,
				1D4AADD22BF763A300A49799 /* Resources */,
			);
			buildRules = (
			);
			dependencies = (
				1D4AADD62BF763A300A49799 /* PBXTargetDependency */,
			);
			name = TCALearningTests;
			productName = TCALearningTests;
			productReference = 1D4AADD42BF763A300A49799 /* TCALearningTests.xctest */;
			productType = "com.apple.product-type.bundle.unit-test";
		};
		1D4AADDD2BF763A300A49799 /* TCALearningUITests */ = {
			isa = PBXNativeTarget;
			buildConfigurationList = 1D4AADEE2BF763A300A49799 /* Build configuration list for PBXNativeTarget "TCALearningUITests" */;
			buildPhases = (
				1D4AADDA2BF763A300A49799 /* Sources */,
				1D4AADDB2BF763A300A49799 /* Frameworks */,
				1D4AADDC2BF763A300A49799 /* Resources */,
			);
			buildRules = (
			);
			dependencies = (
				1D4AADE02BF763A300A49799 /* PBXTargetDependency */,
			);
			name = TCALearningUITests;
			productName = TCALearningUITests;
			productReference = 1D4AADDE2BF763A300A49799 /* TCALearningUITests.xctest */;
			productType = "com.apple.product-type.bundle.ui-testing";
		};
/* End PBXNativeTarget section */

/* Begin PBXProject section */
		1D4AADBC2BF763A200A49799 /* Project object */ = {
			isa = PBXProject;
			attributes = {
				BuildIndependentTargetsInParallel = 1;
				LastSwiftUpdateCheck = 1540;
				LastUpgradeCheck = 1540;
				TargetAttributes = {
					1D4AADC32BF763A200A49799 = {
						CreatedOnToolsVersion = 15.4;
					};
					1D4AADD32BF763A300A49799 = {
						CreatedOnToolsVersion = 15.4;
						TestTargetID = 1D4AADC32BF763A200A49799;
					};
					1D4AADDD2BF763A300A49799 = {
						CreatedOnToolsVersion = 15.4;
						TestTargetID = 1D4AADC32BF763A200A49799;
					};
				};
			};
			buildConfigurationList = 1D4AADBF2BF763A200A49799 /* Build configuration list for PBXProject "TCALearning" */;
			compatibilityVersion = "Xcode 14.0";
			developmentRegion = en;
			hasScannedForEncodings = 0;
			knownRegions = (
				en,
				Base,
			);
			mainGroup = 1D4AADBB2BF763A200A49799;
			packageReferences = (
				1D4AADF12BF763E100A49799 /* XCRemoteSwiftPackageReference "swift-composable-architecture" */,
			);
			productRefGroup = 1D4AADC52BF763A200A49799 /* Products */;
			projectDirPath = "";
			projectRoot = "";
			targets = (
				1D4AADC32BF763A200A49799 /* TCALearning */,
				1D4AADD32BF763A300A49799 /* TCALearningTests */,
				1D4AADDD2BF763A300A49799 /* TCALearningUITests */,
			);
		};
/* End PBXProject section */

/* Begin PBXResourcesBuildPhase section */
		1D4AADC22BF763A200A49799 /* Resources */ = {
			isa = PBXResourcesBuildPhase;
			buildActionMask = 2147483647;
			files = (
				1D4AADCF2BF763A300A49799 /* Preview Assets.xcassets in Resources */,
				1D4AADCC2BF763A300A49799 /* Assets.xcassets in Resources */,
			);
			runOnlyForDeploymentPostprocessing = 0;
		};
		1D4AADD22BF763A300A49799 /* Resources */ = {
			isa = PBXResourcesBuildPhase;
			buildActionMask = 2147483647;
			files = (
			);
			runOnlyForDeploymentPostprocessing = 0;
		};
		1D4AADDC2BF763A300A49799 /* Resources */ = {
			isa = PBXResourcesBuildPhase;
			buildActionMask = 2147483647;
			files = (
			);
			runOnlyForDeploymentPostprocessing = 0;
		};
/* End PBXResourcesBuildPhase section */

/* Begin PBXSourcesBuildPhase section */
		1D4AADC02BF763A200A49799 /* Sources */ = {
			isa = PBXSourcesBuildPhase;
			buildActionMask = 2147483647;
			files = (
				1D4AADFA2BF77ACA00A49799 /* Constants.swift in Sources */,
				1D4AADF82BF776C900A49799 /* Book.swift in Sources */,
				1D4AADCA2BF763A200A49799 /* BooksListView.swift in Sources */,
				1D4AADC82BF763A200A49799 /* TCALearningApp.swift in Sources */,
				1D4AADF62BF7727600A49799 /* BookListReducer.swift in Sources */,
			);
			runOnlyForDeploymentPostprocessing = 0;
		};
		1D4AADD02BF763A300A49799 /* Sources */ = {
			isa = PBXSourcesBuildPhase;
			buildActionMask = 2147483647;
			files = (
				1D4AADD92BF763A300A49799 /* TCALearningTests.swift in Sources */,
			);
			runOnlyForDeploymentPostprocessing = 0;
		};
		1D4AADDA2BF763A300A49799 /* Sources */ = {
			isa = PBXSourcesBuildPhase;
			buildActionMask = 2147483647;
			files = (
				1D4AADE32BF763A300A49799 /* TCALearningUITests.swift in Sources */,
				1D4AADE52BF763A300A49799 /* TCALearningUITestsLaunchTests.swift in Sources */,
			);
			runOnlyForDeploymentPostprocessing = 0;
		};
/* End PBXSourcesBuildPhase section */

/* Begin PBXTargetDependency section */
		1D4AADD62BF763A300A49799 /* PBXTargetDependency */ = {
			isa = PBXTargetDependency;
			target = 1D4AADC32BF763A200A49799 /* TCALearning */;
			targetProxy = 1D4AADD52BF763A300A49799 /* PBXContainerItemProxy */;
		};
		1D4AADE02BF763A300A49799 /* PBXTargetDependency */ = {
			isa = PBXTargetDependency;
			target = 1D4AADC32BF763A200A49799 /* TCALearning */;
			targetProxy = 1D4AADDF2BF763A300A49799 /* PBXContainerItemProxy */;
		};
/* End PBXTargetDependency section */

/* Begin XCBuildConfiguration section */
		1D4AADE62BF763A300A49799 /* Debug */ = {
			isa = XCBuildConfiguration;
			buildSettings = {
				ALWAYS_SEARCH_USER_PATHS = NO;
				ASSETCATALOG_COMPILER_GENERATE_SWIFT_ASSET_SYMBOL_EXTENSIONS = YES;
				CLANG_ANALYZER_NONNULL = YES;
				CLANG_ANALYZER_NUMBER_OBJECT_CONVERSION = YES_AGGRESSIVE;
				CLANG_CXX_LANGUAGE_STANDARD = "gnu++20";
				CLANG_ENABLE_MODULES = YES;
				CLANG_ENABLE_OBJC_ARC = YES;
				CLANG_ENABLE_OBJC_WEAK = YES;
				CLANG_WARN_BLOCK_CAPTURE_AUTORELEASING = YES;
				CLANG_WARN_BOOL_CONVERSION = YES;
				CLANG_WARN_COMMA = YES;
				CLANG_WARN_CONSTANT_CONVERSION = YES;
				CLANG_WARN_DEPRECATED_OBJC_IMPLEMENTATIONS = YES;
				CLANG_WARN_DIRECT_OBJC_ISA_USAGE = YES_ERROR;
				CLANG_WARN_DOCUMENTATION_COMMENTS = YES;
				CLANG_WARN_EMPTY_BODY = YES;
				CLANG_WARN_ENUM_CONVERSION = YES;
				CLANG_WARN_INFINITE_RECURSION = YES;
				CLANG_WARN_INT_CONVERSION = YES;
				CLANG_WARN_NON_LITERAL_NULL_CONVERSION = YES;
				CLANG_WARN_OBJC_IMPLICIT_RETAIN_SELF = YES;
				CLANG_WARN_OBJC_LITERAL_CONVERSION = YES;
				CLANG_WARN_OBJC_ROOT_CLASS = YES_ERROR;
				CLANG_WARN_QUOTED_INCLUDE_IN_FRAMEWORK_HEADER = YES;
				CLANG_WARN_RANGE_LOOP_ANALYSIS = YES;
				CLANG_WARN_STRICT_PROTOTYPES = YES;
				CLANG_WARN_SUSPICIOUS_MOVE = YES;
				CLANG_WARN_UNGUARDED_AVAILABILITY = YES_AGGRESSIVE;
				CLANG_WARN_UNREACHABLE_CODE = YES;
				CLANG_WARN__DUPLICATE_METHOD_MATCH = YES;
				COPY_PHASE_STRIP = NO;
				DEBUG_INFORMATION_FORMAT = dwarf;
				ENABLE_STRICT_OBJC_MSGSEND = YES;
				ENABLE_TESTABILITY = YES;
				ENABLE_USER_SCRIPT_SANDBOXING = YES;
				GCC_C_LANGUAGE_STANDARD = gnu17;
				GCC_DYNAMIC_NO_PIC = NO;
				GCC_NO_COMMON_BLOCKS = YES;
				GCC_OPTIMIZATION_LEVEL = 0;
				GCC_PREPROCESSOR_DEFINITIONS = (
					"DEBUG=1",
					"$(inherited)",
				);
				GCC_WARN_64_TO_32_BIT_CONVERSION = YES;
				GCC_WARN_ABOUT_RETURN_TYPE = YES_ERROR;
				GCC_WARN_UNDECLARED_SELECTOR = YES;
				GCC_WARN_UNINITIALIZED_AUTOS = YES_AGGRESSIVE;
				GCC_WARN_UNUSED_FUNCTION = YES;
				GCC_WARN_UNUSED_VARIABLE = YES;
				IPHONEOS_DEPLOYMENT_TARGET = 17.5;
				LOCALIZATION_PREFERS_STRING_CATALOGS = YES;
				MTL_ENABLE_DEBUG_INFO = INCLUDE_SOURCE;
				MTL_FAST_MATH = YES;
				ONLY_ACTIVE_ARCH = YES;
				SDKROOT = iphoneos;
				SWIFT_ACTIVE_COMPILATION_CONDITIONS = "DEBUG $(inherited)";
				SWIFT_OPTIMIZATION_LEVEL = "-Onone";
			};
			name = Debug;
		};
		1D4AADE72BF763A300A49799 /* Release */ = {
			isa = XCBuildConfiguration;
			buildSettings = {
				ALWAYS_SEARCH_USER_PATHS = NO;
				ASSETCATALOG_COMPILER_GENERATE_SWIFT_ASSET_SYMBOL_EXTENSIONS = YES;
				CLANG_ANALYZER_NONNULL = YES;
				CLANG_ANALYZER_NUMBER_OBJECT_CONVERSION = YES_AGGRESSIVE;
				CLANG_CXX_LANGUAGE_STANDARD = "gnu++20";
				CLANG_ENABLE_MODULES = YES;
				CLANG_ENABLE_OBJC_ARC = YES;
				CLANG_ENABLE_OBJC_WEAK = YES;
				CLANG_WARN_BLOCK_CAPTURE_AUTORELEASING = YES;
				CLANG_WARN_BOOL_CONVERSION = YES;
				CLANG_WARN_COMMA = YES;
				CLANG_WARN_CONSTANT_CONVERSION = YES;
				CLANG_WARN_DEPRECATED_OBJC_IMPLEMENTATIONS = YES;
				CLANG_WARN_DIRECT_OBJC_ISA_USAGE = YES_ERROR;
				CLANG_WARN_DOCUMENTATION_COMMENTS = YES;
				CLANG_WARN_EMPTY_BODY = YES;
				CLANG_WARN_ENUM_CONVERSION = YES;
				CLANG_WARN_INFINITE_RECURSION = YES;
				CLANG_WARN_INT_CONVERSION = YES;
				CLANG_WARN_NON_LITERAL_NULL_CONVERSION = YES;
				CLANG_WARN_OBJC_IMPLICIT_RETAIN_SELF = YES;
				CLANG_WARN_OBJC_LITERAL_CONVERSION = YES;
				CLANG_WARN_OBJC_ROOT_CLASS = YES_ERROR;
				CLANG_WARN_QUOTED_INCLUDE_IN_FRAMEWORK_HEADER = YES;
				CLANG_WARN_RANGE_LOOP_ANALYSIS = YES;
				CLANG_WARN_STRICT_PROTOTYPES = YES;
				CLANG_WARN_SUSPICIOUS_MOVE = YES;
				CLANG_WARN_UNGUARDED_AVAILABILITY = YES_AGGRESSIVE;
				CLANG_WARN_UNREACHABLE_CODE = YES;
				CLANG_WARN__DUPLICATE_METHOD_MATCH = YES;
				COPY_PHASE_STRIP = NO;
				DEBUG_INFORMATION_FORMAT = "dwarf-with-dsym";
				ENABLE_NS_ASSERTIONS = NO;
				ENABLE_STRICT_OBJC_MSGSEND = YES;
				ENABLE_USER_SCRIPT_SANDBOXING = YES;
				GCC_C_LANGUAGE_STANDARD = gnu17;
				GCC_NO_COMMON_BLOCKS = YES;
				GCC_WARN_64_TO_32_BIT_CONVERSION = YES;
				GCC_WARN_ABOUT_RETURN_TYPE = YES_ERROR;
				GCC_WARN_UNDECLARED_SELECTOR = YES;
				GCC_WARN_UNINITIALIZED_AUTOS = YES_AGGRESSIVE;
				GCC_WARN_UNUSED_FUNCTION = YES;
				GCC_WARN_UNUSED_VARIABLE = YES;
				IPHONEOS_DEPLOYMENT_TARGET = 17.5;
				LOCALIZATION_PREFERS_STRING_CATALOGS = YES;
				MTL_ENABLE_DEBUG_INFO = NO;
				MTL_FAST_MATH = YES;
				SDKROOT = iphoneos;
				SWIFT_COMPILATION_MODE = wholemodule;
				VALIDATE_PRODUCT = YES;
			};
			name = Release;
		};
		1D4AADE92BF763A300A49799 /* Debug */ = {
			isa = XCBuildConfiguration;
			buildSettings = {
				ASSETCATALOG_COMPILER_APPICON_NAME = AppIcon;
				ASSETCATALOG_COMPILER_GLOBAL_ACCENT_COLOR_NAME = AccentColor;
				CODE_SIGN_STYLE = Automatic;
				CURRENT_PROJECT_VERSION = 1;
				DEVELOPMENT_ASSET_PATHS = "\"TCALearning/Preview Content\"";
				DEVELOPMENT_TEAM = K7629MSRK2;
				ENABLE_PREVIEWS = YES;
				GENERATE_INFOPLIST_FILE = YES;
				INFOPLIST_KEY_UIApplicationSceneManifest_Generation = YES;
				INFOPLIST_KEY_UIApplicationSupportsIndirectInputEvents = YES;
				INFOPLIST_KEY_UILaunchScreen_Generation = YES;
				INFOPLIST_KEY_UISupportedInterfaceOrientations_iPad = "UIInterfaceOrientationPortrait UIInterfaceOrientationPortraitUpsideDown UIInterfaceOrientationLandscapeLeft UIInterfaceOrientationLandscapeRight";
				INFOPLIST_KEY_UISupportedInterfaceOrientations_iPhone = "UIInterfaceOrientationPortrait UIInterfaceOrientationLandscapeLeft UIInterfaceOrientationLandscapeRight";
				LD_RUNPATH_SEARCH_PATHS = (
					"$(inherited)",
					"@executable_path/Frameworks",
				);
				MARKETING_VERSION = 1.0;
				PRODUCT_BUNDLE_IDENTIFIER = com.harsha.test.TCALearning;
				PRODUCT_NAME = "$(TARGET_NAME)";
				SWIFT_EMIT_LOC_STRINGS = YES;
				SWIFT_VERSION = 5.0;
				TARGETED_DEVICE_FAMILY = "1,2";
			};
			name = Debug;
		};
		1D4AADEA2BF763A300A49799 /* Release */ = {
			isa = XCBuildConfiguration;
			buildSettings = {
				ASSETCATALOG_COMPILER_APPICON_NAME = AppIcon;
				ASSETCATALOG_COMPILER_GLOBAL_ACCENT_COLOR_NAME = AccentColor;
				CODE_SIGN_STYLE = Automatic;
				CURRENT_PROJECT_VERSION = 1;
				DEVELOPMENT_ASSET_PATHS = "\"TCALearning/Preview Content\"";
				DEVELOPMENT_TEAM = K7629MSRK2;
				ENABLE_PREVIEWS = YES;
				GENERATE_INFOPLIST_FILE = YES;
				INFOPLIST_KEY_UIApplicationSceneManifest_Generation = YES;
				INFOPLIST_KEY_UIApplicationSupportsIndirectInputEvents = YES;
				INFOPLIST_KEY_UILaunchScreen_Generation = YES;
				INFOPLIST_KEY_UISupportedInterfaceOrientations_iPad = "UIInterfaceOrientationPortrait UIInterfaceOrientationPortraitUpsideDown UIInterfaceOrientationLandscapeLeft UIInterfaceOrientationLandscapeRight";
				INFOPLIST_KEY_UISupportedInterfaceOrientations_iPhone = "UIInterfaceOrientationPortrait UIInterfaceOrientationLandscapeLeft UIInterfaceOrientationLandscapeRight";
				LD_RUNPATH_SEARCH_PATHS = (
					"$(inherited)",
					"@executable_path/Frameworks",
				);
				MARKETING_VERSION = 1.0;
				PRODUCT_BUNDLE_IDENTIFIER = com.harsha.test.TCALearning;
				PRODUCT_NAME = "$(TARGET_NAME)";
				SWIFT_EMIT_LOC_STRINGS = YES;
				SWIFT_VERSION = 5.0;
				TARGETED_DEVICE_FAMILY = "1,2";
			};
			name = Release;
		};
		1D4AADEC2BF763A300A49799 /* Debug */ = {
			isa = XCBuildConfiguration;
			buildSettings = {
				ALWAYS_EMBED_SWIFT_STANDARD_LIBRARIES = YES;
				BUNDLE_LOADER = "$(TEST_HOST)";
				CODE_SIGN_STYLE = Automatic;
				CURRENT_PROJECT_VERSION = 1;
				DEVELOPMENT_TEAM = K7629MSRK2;
				GENERATE_INFOPLIST_FILE = YES;
				IPHONEOS_DEPLOYMENT_TARGET = 17.5;
				MARKETING_VERSION = 1.0;
				PRODUCT_BUNDLE_IDENTIFIER = com.harsha.test.TCALearningTests;
				PRODUCT_NAME = "$(TARGET_NAME)";
				SWIFT_EMIT_LOC_STRINGS = NO;
				SWIFT_VERSION = 5.0;
				TARGETED_DEVICE_FAMILY = "1,2";
				TEST_HOST = "$(BUILT_PRODUCTS_DIR)/TCALearning.app/$(BUNDLE_EXECUTABLE_FOLDER_PATH)/TCALearning";
			};
			name = Debug;
		};
		1D4AADED2BF763A300A49799 /* Release */ = {
			isa = XCBuildConfiguration;
			buildSettings = {
				ALWAYS_EMBED_SWIFT_STANDARD_LIBRARIES = YES;
				BUNDLE_LOADER = "$(TEST_HOST)";
				CODE_SIGN_STYLE = Automatic;
				CURRENT_PROJECT_VERSION = 1;
				DEVELOPMENT_TEAM = K7629MSRK2;
				GENERATE_INFOPLIST_FILE = YES;
				IPHONEOS_DEPLOYMENT_TARGET = 17.5;
				MARKETING_VERSION = 1.0;
				PRODUCT_BUNDLE_IDENTIFIER = com.harsha.test.TCALearningTests;
				PRODUCT_NAME = "$(TARGET_NAME)";
				SWIFT_EMIT_LOC_STRINGS = NO;
				SWIFT_VERSION = 5.0;
				TARGETED_DEVICE_FAMILY = "1,2";
				TEST_HOST = "$(BUILT_PRODUCTS_DIR)/TCALearning.app/$(BUNDLE_EXECUTABLE_FOLDER_PATH)/TCALearning";
			};
			name = Release;
		};
		1D4AADEF2BF763A300A49799 /* Debug */ = {
			isa = XCBuildConfiguration;
			buildSettings = {
				ALWAYS_EMBED_SWIFT_STANDARD_LIBRARIES = YES;
				CODE_SIGN_STYLE = Automatic;
				CURRENT_PROJECT_VERSION = 1;
				DEVELOPMENT_TEAM = K7629MSRK2;
				GENERATE_INFOPLIST_FILE = YES;
				MARKETING_VERSION = 1.0;
				PRODUCT_BUNDLE_IDENTIFIER = com.harsha.test.TCALearningUITests;
				PRODUCT_NAME = "$(TARGET_NAME)";
				SWIFT_EMIT_LOC_STRINGS = NO;
				SWIFT_VERSION = 5.0;
				TARGETED_DEVICE_FAMILY = "1,2";
				TEST_TARGET_NAME = TCALearning;
			};
			name = Debug;
		};
		1D4AADF02BF763A300A49799 /* Release */ = {
			isa = XCBuildConfiguration;
			buildSettings = {
				ALWAYS_EMBED_SWIFT_STANDARD_LIBRARIES = YES;
				CODE_SIGN_STYLE = Automatic;
				CURRENT_PROJECT_VERSION = 1;
				DEVELOPMENT_TEAM = K7629MSRK2;
				GENERATE_INFOPLIST_FILE = YES;
				MARKETING_VERSION = 1.0;
				PRODUCT_BUNDLE_IDENTIFIER = com.harsha.test.TCALearningUITests;
				PRODUCT_NAME = "$(TARGET_NAME)";
				SWIFT_EMIT_LOC_STRINGS = NO;
				SWIFT_VERSION = 5.0;
				TARGETED_DEVICE_FAMILY = "1,2";
				TEST_TARGET_NAME = TCALearning;
			};
			name = Release;
		};
/* End XCBuildConfiguration section */

/* Begin XCConfigurationList section */
		1D4AADBF2BF763A200A49799 /* Build configuration list for PBXProject "TCALearning" */ = {
			isa = XCConfigurationList;
			buildConfigurations = (
				1D4AADE62BF763A300A49799 /* Debug */,
				1D4AADE72BF763A300A49799 /* Release */,
			);
			defaultConfigurationIsVisible = 0;
			defaultConfigurationName = Release;
		};
		1D4AADE82BF763A300A49799 /* Build configuration list for PBXNativeTarget "TCALearning" */ = {
			isa = XCConfigurationList;
			buildConfigurations = (
				1D4AADE92BF763A300A49799 /* Debug */,
				1D4AADEA2BF763A300A49799 /* Release */,
			);
			defaultConfigurationIsVisible = 0;
			defaultConfigurationName = Release;
		};
		1D4AADEB2BF763A300A49799 /* Build configuration list for PBXNativeTarget "TCALearningTests" */ = {
			isa = XCConfigurationList;
			buildConfigurations = (
				1D4AADEC2BF763A300A49799 /* Debug */,
				1D4AADED2BF763A300A49799 /* Release */,
			);
			defaultConfigurationIsVisible = 0;
			defaultConfigurationName = Release;
		};
		1D4AADEE2BF763A300A49799 /* Build configuration list for PBXNativeTarget "TCALearningUITests" */ = {
			isa = XCConfigurationList;
			buildConfigurations = (
				1D4AADEF2BF763A300A49799 /* Debug */,
				1D4AADF02BF763A300A49799 /* Release */,
			);
			defaultConfigurationIsVisible = 0;
			defaultConfigurationName = Release;
		};
/* End XCConfigurationList section */

/* Begin XCRemoteSwiftPackageReference section */
		1D4AADF12BF763E100A49799 /* XCRemoteSwiftPackageReference "swift-composable-architecture" */ = {
			isa = XCRemoteSwiftPackageReference;
			repositoryURL = "https://github.com/pointfreeco/swift-composable-architecture";
			requirement = {
				kind = upToNextMajorVersion;
				minimumVersion = 1.10.4;
			};
		};
/* End XCRemoteSwiftPackageReference section */

/* Begin XCSwiftPackageProductDependency section */
		1D4AADF22BF76E4500A49799 /* ComposableArchitecture */ = {
			isa = XCSwiftPackageProductDependency;
			package = 1D4AADF12BF763E100A49799 /* XCRemoteSwiftPackageReference "swift-composable-architecture" */;
			productName = ComposableArchitecture;
		};
/* End XCSwiftPackageProductDependency section */
	};
	rootObject = 1D4AADBC2BF763A200A49799 /* Project object */;
}
